
Microsoft Visual Studio Solution File, Format Version 12.00
# Visual Studio Version 17
VisualStudioVersion = 17.3.32929.385
MinimumVisualStudioVersion = 10.0.40219.1
Project("{FAE04EC0-301F-11D3-BF4B-00C04F79EFBC}") = "EstablishmentsApp", "EstablishmentsApp.csproj", "{1C60FDC9-4217-49FA-BE76-F68A51863558}"
EndProject
Global
	GlobalSection(SolutionConfigurationPlatforms) = preSolution
		Debug|Any CPU = Debug|Any CPU
		Release|Any CPU = Release|Any CPU
	EndGlobalSection
	GlobalSection(ProjectConfigurationPlatforms) = postSolution
		{1C60FDC9-4217-49FA-BE76-F68A51863558}.Debug|Any CPU.ActiveCfg = Debug|Any CPU
		{1C60FDC9-4217-49FA-BE76-F68A51863558}.Debug|Any CPU.Build.0 = Debug|Any CPU
		{1C60FDC9-4217-49FA-BE76-F68A51863558}.Release|Any CPU.ActiveCfg = Release|Any CPU
		{1C60FDC9-4217-49FA-BE76-F68A51863558}.Release|Any CPU.Build.0 = Release|Any CPU
	EndGlobalSection
	GlobalSection(SolutionProperties) = preSolution
		HideSolutionNode = FALSE
	EndGlobalSection
	GlobalSection(ExtensibilityGlobals) = postSolution
		SolutionGuid = {2D4F481A-289C-49E3-8135-5FB1F3DA9035}
	EndGlobalSection
EndGlobal
